
Microsoft Visual Studio Solution File, Format Version 12.00
# Visual Studio Version 16
VisualStudioVersion = 16.0.30611.23
MinimumVisualStudioVersion = 10.0.40219.1
Project("{FAE04EC0-301F-11D3-BF4B-00C04F79EFBC}") = "Tamas_Florian_Lab2", "Tamas_Florian_Lab2.csproj", "{426D1AD4-B2B4-477A-98A1-85AC48853EA6}"
EndProject
Global
	GlobalSection(SolutionConfigurationPlatforms) = preSolution
		Debug|Any CPU = Debug|Any CPU
		Release|Any CPU = Release|Any CPU
	EndGlobalSection
	GlobalSection(ProjectConfigurationPlatforms) = postSolution
		{426D1AD4-B2B4-477A-98A1-85AC48853EA6}.Debug|Any CPU.ActiveCfg = Debug|Any CPU
		{426D1AD4-B2B4-477A-98A1-85AC48853EA6}.Debug|Any CPU.Build.0 = Debug|Any CPU
		{426D1AD4-B2B4-477A-98A1-85AC48853EA6}.Release|Any CPU.ActiveCfg = Release|Any CPU
		{426D1AD4-B2B4-477A-98A1-85AC48853EA6}.Release|Any CPU.Build.0 = Release|Any CPU
	EndGlobalSection
	GlobalSection(SolutionProperties) = preSolution
		HideSolutionNode = FALSE
	EndGlobalSection
	GlobalSection(ExtensibilityGlobals) = postSolution
		SolutionGuid = {5591D001-2B5B-4121-B6D0-95419F885917}
	EndGlobalSection
EndGlobal
